Microsoft Visual Studio Solution File, Format Version 12.00
# Visual Studio Version 16
VisualStudioVersion = 16.0.29920.165
MinimumVisualStudioVersion = 15.0.26124.0

Project("{D954291E-2A0B-460D-934E-DC6B0785DB48}") = "MinionUI.Shared", "MinionUI.Shared\MinionUI.Shared.shproj", "{6279C845-92F8-4333-AB99-3D213163593C}"
EndProject



Project("{FAE04EC0-301F-11D3-BF4B-00C04F79EFBC}") = "MinionUI.Uwp", "MinionUI.UWP\MinionUI.Uwp.csproj", "{8D7A4A80-932B-431F-9DB4-3B86F107A10D}"
EndProject



Project("{9A19103F-16F7-4668-BE54-9A1E7A4F7556}") = "MinionUI.Skia.Gtk", "MinionUI.Skia.Gtk\MinionUI.Skia.Gtk.csproj", "{A5B8155A-118F-4794-B551-C6F3CF7E5411}"
EndProject



Project("{9A19103F-16F7-4668-BE54-9A1E7A4F7556}") = "MinionUI.Skia.Linux.FrameBuffer", "MinionUI.Skia.Linux.FrameBuffer\MinionUI.Skia.Linux.FrameBuffer.csproj", "{761D821E-9905-4444-9ADF-76C995FE5427}"
EndProject

Global
	GlobalSection(SharedMSBuildProjectFiles) = preSolution
		MinionUI.Shared\MinionUI.Shared.projitems*{1070B9D5-8242-4F29-BA62-7523C723EE86}*SharedItemsImports = 4
		MinionUI.Shared\MinionUI.Shared.projitems*{F5B49898-1B41-42C4-8161-47549E14707A}*SharedItemsImports = 5
		MinionUI.Shared\MinionUI.Shared.projitems*{A83797EB-5D64-40DA-9E31-21D8115ED0B9}*SharedItemsImports = 4
		MinionUI.Shared\MinionUI.Shared.projitems*{40ea03f7-8a22-4143-b251-79bac3eb13d2}*SharedItemsImports = 5
		MinionUI.Shared\MinionUI.Shared.projitems*{a5b8155a-118f-4794-b551-c6f3cf7e5411}*SharedItemsImports = 5
		MinionUI.Shared\MinionUI.Shared.projitems*{8F55F35B-1ACA-4CFB-9A1E-1C44F6C1AEEB}*SharedItemsImports = 4
		MinionUI.Shared\MinionUI.Shared.projitems*{6279c845-92f8-4333-ab99-3d213163593c}*SharedItemsImports = 13
		MinionUI.Shared\MinionUI.Shared.projitems*{8D7A4A80-932B-431F-9DB4-3B86F107A10D}*SharedItemsImports = 4
	EndGlobalSection
	GlobalSection(SolutionConfigurationPlatforms) = preSolution
		Debug|Any CPU = Debug|Any CPU
		Debug|ARM = Debug|ARM
		Debug|ARM64 = Debug|ARM64
		Debug|iPhone = Debug|iPhone
		Debug|iPhoneSimulator = Debug|iPhoneSimulator
		Debug|x64 = Debug|x64
		Debug|x86 = Debug|x86
		Release|Any CPU = Release|Any CPU
		Release|ARM = Release|ARM
		Release|ARM64 = Release|ARM64
		Release|iPhone = Release|iPhone
		Release|iPhoneSimulator = Release|iPhoneSimulator
		Release|x64 = Release|x64
		Release|x86 = Release|x86
	EndGlobalSection
	GlobalSection(ProjectConfigurationPlatforms) = postSolution
		{1070B9D5-8242-4F29-BA62-7523C723EE86}.Debug|Any CPU.ActiveCfg = Debug|Any CPU
		{1070B9D5-8242-4F29-BA62-7523C723EE86}.Debug|Any CPU.Build.0 = Debug|Any CPU
		{1070B9D5-8242-4F29-BA62-7523C723EE86}.Debug|Any CPU.Deploy.0 = Debug|Any CPU
		{1070B9D5-8242-4F29-BA62-7523C723EE86}.Debug|ARM.ActiveCfg = Debug|Any CPU
		{1070B9D5-8242-4F29-BA62-7523C723EE86}.Debug|ARM.Build.0 = Debug|Any CPU
		{1070B9D5-8242-4F29-BA62-7523C723EE86}.Debug|ARM.Deploy.0 = Debug|Any CPU
		{1070B9D5-8242-4F29-BA62-7523C723EE86}.Debug|ARM64.ActiveCfg = Debug|Any CPU
		{1070B9D5-8242-4F29-BA62-7523C723EE86}.Debug|ARM64.Build.0 = Debug|Any CPU
		{1070B9D5-8242-4F29-BA62-7523C723EE86}.Debug|ARM64.Deploy.0 = Debug|Any CPU
		{1070B9D5-8242-4F29-BA62-7523C723EE86}.Debug|iPhone.ActiveCfg = Debug|Any CPU
		{1070B9D5-8242-4F29-BA62-7523C723EE86}.Debug|iPhone.Build.0 = Debug|Any CPU
		{1070B9D5-8242-4F29-BA62-7523C723EE86}.Debug|iPhone.Deploy.0 = Debug|Any CPU
		{1070B9D5-8242-4F29-BA62-7523C723EE86}.Debug|iPhoneSimulator.ActiveCfg = Debug|Any CPU
		{1070B9D5-8242-4F29-BA62-7523C723EE86}.Debug|iPhoneSimulator.Build.0 = Debug|Any CPU
		{1070B9D5-8242-4F29-BA62-7523C723EE86}.Debug|iPhoneSimulator.Deploy.0 = Debug|Any CPU
		{1070B9D5-8242-4F29-BA62-7523C723EE86}.Debug|x64.ActiveCfg = Debug|Any CPU
		{1070B9D5-8242-4F29-BA62-7523C723EE86}.Debug|x64.Build.0 = Debug|Any CPU
		{1070B9D5-8242-4F29-BA62-7523C723EE86}.Debug|x64.Deploy.0 = Debug|Any CPU
		{1070B9D5-8242-4F29-BA62-7523C723EE86}.Debug|x86.ActiveCfg = Debug|Any CPU
		{1070B9D5-8242-4F29-BA62-7523C723EE86}.Debug|x86.Build.0 = Debug|Any CPU
		{1070B9D5-8242-4F29-BA62-7523C723EE86}.Debug|x86.Deploy.0 = Debug|Any CPU

		{1070B9D5-8242-4F29-BA62-7523C723EE86}.Release|Any CPU.ActiveCfg = Release|Any CPU
		{1070B9D5-8242-4F29-BA62-7523C723EE86}.Release|Any CPU.Build.0 = Release|Any CPU
		{1070B9D5-8242-4F29-BA62-7523C723EE86}.Release|Any CPU.Deploy.0 = Release|Any CPU
		{1070B9D5-8242-4F29-BA62-7523C723EE86}.Release|ARM.ActiveCfg = Release|Any CPU
		{1070B9D5-8242-4F29-BA62-7523C723EE86}.Release|ARM.Build.0 = Release|Any CPU
		{1070B9D5-8242-4F29-BA62-7523C723EE86}.Release|ARM.Deploy.0 = Release|Any CPU
		{1070B9D5-8242-4F29-BA62-7523C723EE86}.Release|ARM64.ActiveCfg = Release|Any CPU
		{1070B9D5-8242-4F29-BA62-7523C723EE86}.Release|ARM64.Build.0 = Release|Any CPU
		{1070B9D5-8242-4F29-BA62-7523C723EE86}.Release|ARM64.Deploy.0 = Release|Any CPU
		{1070B9D5-8242-4F29-BA62-7523C723EE86}.Release|iPhone.ActiveCfg = Release|Any CPU
		{1070B9D5-8242-4F29-BA62-7523C723EE86}.Release|iPhone.Build.0 = Release|Any CPU
		{1070B9D5-8242-4F29-BA62-7523C723EE86}.Release|iPhone.Deploy.0 = Release|Any CPU
		{1070B9D5-8242-4F29-BA62-7523C723EE86}.Release|iPhoneSimulator.ActiveCfg = Release|Any CPU
		{1070B9D5-8242-4F29-BA62-7523C723EE86}.Release|iPhoneSimulator.Build.0 = Release|Any CPU
		{1070B9D5-8242-4F29-BA62-7523C723EE86}.Release|iPhoneSimulator.Deploy.0 = Release|Any CPU
		{1070B9D5-8242-4F29-BA62-7523C723EE86}.Release|x64.ActiveCfg = Release|Any CPU
		{1070B9D5-8242-4F29-BA62-7523C723EE86}.Release|x64.Build.0 = Release|Any CPU
		{1070B9D5-8242-4F29-BA62-7523C723EE86}.Release|x64.Deploy.0 = Release|Any CPU
		{1070B9D5-8242-4F29-BA62-7523C723EE86}.Release|x86.ActiveCfg = Release|Any CPU
		{1070B9D5-8242-4F29-BA62-7523C723EE86}.Release|x86.Build.0 = Release|Any CPU
		{1070B9D5-8242-4F29-BA62-7523C723EE86}.Release|x86.Deploy.0 = Release|Any CPU
		{8F55F35B-1ACA-4CFB-9A1E-1C44F6C1AEEB}.Debug|Any CPU.ActiveCfg = Debug|iPhone
		{8F55F35B-1ACA-4CFB-9A1E-1C44F6C1AEEB}.Debug|Any CPU.Build.0 = Debug|iPhone
		{8F55F35B-1ACA-4CFB-9A1E-1C44F6C1AEEB}.Debug|Any CPU.Deploy.0 = Debug|iPhone
		{8F55F35B-1ACA-4CFB-9A1E-1C44F6C1AEEB}.Debug|ARM.ActiveCfg = Debug|iPhone
		{8F55F35B-1ACA-4CFB-9A1E-1C44F6C1AEEB}.Debug|ARM64.ActiveCfg = Debug|iPhone
		{8F55F35B-1ACA-4CFB-9A1E-1C44F6C1AEEB}.Debug|iPhone.ActiveCfg = Debug|iPhone
		{8F55F35B-1ACA-4CFB-9A1E-1C44F6C1AEEB}.Debug|iPhone.Build.0 = Debug|iPhone
		{8F55F35B-1ACA-4CFB-9A1E-1C44F6C1AEEB}.Debug|iPhoneSimulator.ActiveCfg = Debug|iPhoneSimulator
		{8F55F35B-1ACA-4CFB-9A1E-1C44F6C1AEEB}.Debug|iPhoneSimulator.Build.0 = Debug|iPhoneSimulator
		{8F55F35B-1ACA-4CFB-9A1E-1C44F6C1AEEB}.Debug|x64.ActiveCfg = Debug|iPhone
		{8F55F35B-1ACA-4CFB-9A1E-1C44F6C1AEEB}.Debug|x64.Build.0 = Debug|iPhone
		{8F55F35B-1ACA-4CFB-9A1E-1C44F6C1AEEB}.Debug|x64.Deploy.0 = Debug|iPhone
		{8F55F35B-1ACA-4CFB-9A1E-1C44F6C1AEEB}.Debug|x86.ActiveCfg = Debug|iPhoneSimulator
		{8F55F35B-1ACA-4CFB-9A1E-1C44F6C1AEEB}.Debug|x86.Build.0 = Debug|iPhoneSimulator
		{8F55F35B-1ACA-4CFB-9A1E-1C44F6C1AEEB}.Debug|x86.Deploy.0 = Debug|iPhoneSimulator
		{8F55F35B-1ACA-4CFB-9A1E-1C44F6C1AEEB}.Release|Any CPU.ActiveCfg = Release|iPhone
		{8F55F35B-1ACA-4CFB-9A1E-1C44F6C1AEEB}.Release|ARM.ActiveCfg = Release|iPhone
		{8F55F35B-1ACA-4CFB-9A1E-1C44F6C1AEEB}.Release|ARM64.ActiveCfg = Release|iPhone
		{8F55F35B-1ACA-4CFB-9A1E-1C44F6C1AEEB}.Release|iPhone.ActiveCfg = Release|iPhone
		{8F55F35B-1ACA-4CFB-9A1E-1C44F6C1AEEB}.Release|iPhone.Build.0 = Release|iPhone
		{8F55F35B-1ACA-4CFB-9A1E-1C44F6C1AEEB}.Release|iPhoneSimulator.ActiveCfg = Release|iPhoneSimulator
		{8F55F35B-1ACA-4CFB-9A1E-1C44F6C1AEEB}.Release|iPhoneSimulator.Build.0 = Release|iPhoneSimulator
		{8F55F35B-1ACA-4CFB-9A1E-1C44F6C1AEEB}.Release|x64.ActiveCfg = Release|iPhoneSimulator
		{8F55F35B-1ACA-4CFB-9A1E-1C44F6C1AEEB}.Release|x64.Build.0 = Release|iPhoneSimulator
		{8F55F35B-1ACA-4CFB-9A1E-1C44F6C1AEEB}.Release|x64.Deploy.0 = Release|iPhoneSimulator
		{8F55F35B-1ACA-4CFB-9A1E-1C44F6C1AEEB}.Release|x86.ActiveCfg = Release|iPhoneSimulator
		{8F55F35B-1ACA-4CFB-9A1E-1C44F6C1AEEB}.Release|x86.Build.0 = Release|iPhoneSimulator

		{8D7A4A80-932B-431F-9DB4-3B86F107A10D}.Debug|Any CPU.ActiveCfg = Debug|x86
		{8D7A4A80-932B-431F-9DB4-3B86F107A10D}.Debug|Any CPU.Build.0 = Debug|x86
		{8D7A4A80-932B-431F-9DB4-3B86F107A10D}.Debug|Any CPU.Deploy.0 = Debug|x86
		{8D7A4A80-932B-431F-9DB4-3B86F107A10D}.Debug|ARM.ActiveCfg = Debug|ARM
		{8D7A4A80-932B-431F-9DB4-3B86F107A10D}.Debug|ARM.Build.0 = Debug|ARM
		{8D7A4A80-932B-431F-9DB4-3B86F107A10D}.Debug|ARM.Deploy.0 = Debug|ARM
		{8D7A4A80-932B-431F-9DB4-3B86F107A10D}.Debug|ARM64.ActiveCfg = Debug|ARM64
		{8D7A4A80-932B-431F-9DB4-3B86F107A10D}.Debug|ARM64.Build.0 = Debug|ARM64
		{8D7A4A80-932B-431F-9DB4-3B86F107A10D}.Debug|ARM64.Deploy.0 = Debug|ARM64
		{8D7A4A80-932B-431F-9DB4-3B86F107A10D}.Debug|iPhone.ActiveCfg = Debug|x86
		{8D7A4A80-932B-431F-9DB4-3B86F107A10D}.Debug|iPhone.Build.0 = Debug|x86
		{8D7A4A80-932B-431F-9DB4-3B86F107A10D}.Debug|iPhone.Deploy.0 = Debug|x86
		{8D7A4A80-932B-431F-9DB4-3B86F107A10D}.Debug|iPhoneSimulator.ActiveCfg = Debug|x86
		{8D7A4A80-932B-431F-9DB4-3B86F107A10D}.Debug|iPhoneSimulator.Build.0 = Debug|x86
		{8D7A4A80-932B-431F-9DB4-3B86F107A10D}.Debug|iPhoneSimulator.Deploy.0 = Debug|x86
		{8D7A4A80-932B-431F-9DB4-3B86F107A10D}.Debug|x64.ActiveCfg = Debug|x64
		{8D7A4A80-932B-431F-9DB4-3B86F107A10D}.Debug|x64.Build.0 = Debug|x64
		{8D7A4A80-932B-431F-9DB4-3B86F107A10D}.Debug|x64.Deploy.0 = Debug|x64
		{8D7A4A80-932B-431F-9DB4-3B86F107A10D}.Debug|x86.ActiveCfg = Debug|x86
		{8D7A4A80-932B-431F-9DB4-3B86F107A10D}.Debug|x86.Build.0 = Debug|x86
		{8D7A4A80-932B-431F-9DB4-3B86F107A10D}.Debug|x86.Deploy.0 = Debug|x86
		{8D7A4A80-932B-431F-9DB4-3B86F107A10D}.Release|Any CPU.ActiveCfg = Release|x86
		{8D7A4A80-932B-431F-9DB4-3B86F107A10D}.Release|ARM.ActiveCfg = Release|ARM
		{8D7A4A80-932B-431F-9DB4-3B86F107A10D}.Release|ARM.Build.0 = Release|ARM
		{8D7A4A80-932B-431F-9DB4-3B86F107A10D}.Release|ARM.Deploy.0 = Release|ARM
		{8D7A4A80-932B-431F-9DB4-3B86F107A10D}.Release|ARM64.ActiveCfg = Release|ARM64
		{8D7A4A80-932B-431F-9DB4-3B86F107A10D}.Release|ARM64.Build.0 = Release|ARM64
		{8D7A4A80-932B-431F-9DB4-3B86F107A10D}.Release|ARM64.Deploy.0 = Release|ARM64
		{8D7A4A80-932B-431F-9DB4-3B86F107A10D}.Release|iPhone.ActiveCfg = Release|x86
		{8D7A4A80-932B-431F-9DB4-3B86F107A10D}.Release|iPhone.Build.0 = Release|x86
		{8D7A4A80-932B-431F-9DB4-3B86F107A10D}.Release|iPhoneSimulator.ActiveCfg = Release|x86
		{8D7A4A80-932B-431F-9DB4-3B86F107A10D}.Release|iPhoneSimulator.Build.0 = Release|x86
		{8D7A4A80-932B-431F-9DB4-3B86F107A10D}.Release|iPhoneSimulator.Deploy.0 = Release|x86
		{8D7A4A80-932B-431F-9DB4-3B86F107A10D}.Release|x64.ActiveCfg = Release|x64
		{8D7A4A80-932B-431F-9DB4-3B86F107A10D}.Release|x64.Build.0 = Release|x64
		{8D7A4A80-932B-431F-9DB4-3B86F107A10D}.Release|x64.Deploy.0 = Release|x64
		{8D7A4A80-932B-431F-9DB4-3B86F107A10D}.Release|x86.ActiveCfg = Release|x86
		{8D7A4A80-932B-431F-9DB4-3B86F107A10D}.Release|x86.Build.0 = Release|x86
		{8D7A4A80-932B-431F-9DB4-3B86F107A10D}.Release|x86.Deploy.0 = Release|x86

		{F5B49898-1B41-42C4-8161-47549E14707A}.Debug|Any CPU.ActiveCfg = Debug|Any CPU
		{F5B49898-1B41-42C4-8161-47549E14707A}.Debug|Any CPU.Build.0 = Debug|Any CPU
		{F5B49898-1B41-42C4-8161-47549E14707A}.Debug|Any CPU.Deploy.0 = Debug|Any CPU
		{F5B49898-1B41-42C4-8161-47549E14707A}.Debug|ARM.ActiveCfg = Debug|Any CPU
		{F5B49898-1B41-42C4-8161-47549E14707A}.Debug|ARM.Build.0 = Debug|Any CPU
		{F5B49898-1B41-42C4-8161-47549E14707A}.Debug|ARM.Deploy.0 = Debug|Any CPU
		{F5B49898-1B41-42C4-8161-47549E14707A}.Debug|ARM64.ActiveCfg = Debug|Any CPU
		{F5B49898-1B41-42C4-8161-47549E14707A}.Debug|ARM64.Build.0 = Debug|Any CPU
		{F5B49898-1B41-42C4-8161-47549E14707A}.Debug|ARM64.Deploy.0 = Debug|Any CPU
		{F5B49898-1B41-42C4-8161-47549E14707A}.Debug|iPhone.ActiveCfg = Debug|Any CPU
		{F5B49898-1B41-42C4-8161-47549E14707A}.Debug|iPhone.Build.0 = Debug|Any CPU
		{F5B49898-1B41-42C4-8161-47549E14707A}.Debug|iPhone.Deploy.0 = Debug|Any CPU
		{F5B49898-1B41-42C4-8161-47549E14707A}.Debug|iPhoneSimulator.ActiveCfg = Debug|Any CPU
		{F5B49898-1B41-42C4-8161-47549E14707A}.Debug|iPhoneSimulator.Build.0 = Debug|Any CPU
		{F5B49898-1B41-42C4-8161-47549E14707A}.Debug|iPhoneSimulator.Deploy.0 = Debug|Any CPU
		{F5B49898-1B41-42C4-8161-47549E14707A}.Debug|x64.ActiveCfg = Debug|Any CPU
		{F5B49898-1B41-42C4-8161-47549E14707A}.Debug|x64.Build.0 = Debug|Any CPU
		{F5B49898-1B41-42C4-8161-47549E14707A}.Debug|x64.Deploy.0 = Debug|Any CPU
		{F5B49898-1B41-42C4-8161-47549E14707A}.Debug|x86.ActiveCfg = Debug|Any CPU
		{F5B49898-1B41-42C4-8161-47549E14707A}.Debug|x86.Build.0 = Debug|Any CPU
		{F5B49898-1B41-42C4-8161-47549E14707A}.Debug|x86.Deploy.0 = Debug|Any CPU
		{F5B49898-1B41-42C4-8161-47549E14707A}.Release|Any CPU.ActiveCfg = Release|Any CPU
		{F5B49898-1B41-42C4-8161-47549E14707A}.Release|Any CPU.Build.0 = Release|Any CPU
		{F5B49898-1B41-42C4-8161-47549E14707A}.Release|ARM.ActiveCfg = Release|Any CPU
		{F5B49898-1B41-42C4-8161-47549E14707A}.Release|ARM.Build.0 = Release|Any CPU
		{F5B49898-1B41-42C4-8161-47549E14707A}.Release|ARM.Deploy.0 = Release|Any CPU
		{F5B49898-1B41-42C4-8161-47549E14707A}.Release|ARM64.ActiveCfg = Release|Any CPU
		{F5B49898-1B41-42C4-8161-47549E14707A}.Release|ARM64.Build.0 = Release|Any CPU
		{F5B49898-1B41-42C4-8161-47549E14707A}.Release|ARM64.Deploy.0 = Release|Any CPU
		{F5B49898-1B41-42C4-8161-47549E14707A}.Release|iPhone.ActiveCfg = Release|Any CPU
		{F5B49898-1B41-42C4-8161-47549E14707A}.Release|iPhone.Build.0 = Release|Any CPU
		{F5B49898-1B41-42C4-8161-47549E14707A}.Release|iPhoneSimulator.ActiveCfg = Release|Any CPU
		{F5B49898-1B41-42C4-8161-47549E14707A}.Release|iPhoneSimulator.Build.0 = Release|Any CPU
		{F5B49898-1B41-42C4-8161-47549E14707A}.Release|iPhoneSimulator.Deploy.0 = Release|Any CPU
		{F5B49898-1B41-42C4-8161-47549E14707A}.Release|x64.ActiveCfg = Release|Any CPU
		{F5B49898-1B41-42C4-8161-47549E14707A}.Release|x64.Build.0 = Release|Any CPU
		{F5B49898-1B41-42C4-8161-47549E14707A}.Release|x64.Deploy.0 = Release|Any CPU
		{F5B49898-1B41-42C4-8161-47549E14707A}.Release|x86.ActiveCfg = Release|Any CPU
		{F5B49898-1B41-42C4-8161-47549E14707A}.Release|x86.Build.0 = Release|Any CPU
		{F5B49898-1B41-42C4-8161-47549E14707A}.Release|x86.Deploy.0 = Release|Any CPU

		{A5B8155A-118F-4794-B551-C6F3CF7E5411}.Debug|Any CPU.ActiveCfg = Debug|Any CPU
		{A5B8155A-118F-4794-B551-C6F3CF7E5411}.Debug|Any CPU.Build.0 = Debug|Any CPU
		{A5B8155A-118F-4794-B551-C6F3CF7E5411}.Debug|ARM.ActiveCfg = Debug|Any CPU
		{A5B8155A-118F-4794-B551-C6F3CF7E5411}.Debug|ARM.Build.0 = Debug|Any CPU
		{A5B8155A-118F-4794-B551-C6F3CF7E5411}.Debug|ARM64.ActiveCfg = Debug|Any CPU
		{A5B8155A-118F-4794-B551-C6F3CF7E5411}.Debug|ARM64.Build.0 = Debug|Any CPU
		{A5B8155A-118F-4794-B551-C6F3CF7E5411}.Debug|iPhone.ActiveCfg = Debug|Any CPU
		{A5B8155A-118F-4794-B551-C6F3CF7E5411}.Debug|iPhone.Build.0 = Debug|Any CPU
		{A5B8155A-118F-4794-B551-C6F3CF7E5411}.Debug|iPhoneSimulator.ActiveCfg = Debug|Any CPU
		{A5B8155A-118F-4794-B551-C6F3CF7E5411}.Debug|iPhoneSimulator.Build.0 = Debug|Any CPU
		{A5B8155A-118F-4794-B551-C6F3CF7E5411}.Debug|x64.ActiveCfg = Debug|Any CPU
		{A5B8155A-118F-4794-B551-C6F3CF7E5411}.Debug|x64.Build.0 = Debug|Any CPU
		{A5B8155A-118F-4794-B551-C6F3CF7E5411}.Debug|x86.ActiveCfg = Debug|Any CPU
		{A5B8155A-118F-4794-B551-C6F3CF7E5411}.Debug|x86.Build.0 = Debug|Any CPU
		{A5B8155A-118F-4794-B551-C6F3CF7E5411}.Release|Any CPU.ActiveCfg = Release|Any CPU
		{A5B8155A-118F-4794-B551-C6F3CF7E5411}.Release|Any CPU.Build.0 = Release|Any CPU
		{A5B8155A-118F-4794-B551-C6F3CF7E5411}.Release|ARM.ActiveCfg = Release|Any CPU
		{A5B8155A-118F-4794-B551-C6F3CF7E5411}.Release|ARM.Build.0 = Release|Any CPU
		{A5B8155A-118F-4794-B551-C6F3CF7E5411}.Release|ARM64.ActiveCfg = Release|Any CPU
		{A5B8155A-118F-4794-B551-C6F3CF7E5411}.Release|ARM64.Build.0 = Release|Any CPU
		{A5B8155A-118F-4794-B551-C6F3CF7E5411}.Release|iPhone.ActiveCfg = Release|Any CPU
		{A5B8155A-118F-4794-B551-C6F3CF7E5411}.Release|iPhone.Build.0 = Release|Any CPU
		{A5B8155A-118F-4794-B551-C6F3CF7E5411}.Release|iPhoneSimulator.ActiveCfg = Release|Any CPU
		{A5B8155A-118F-4794-B551-C6F3CF7E5411}.Release|iPhoneSimulator.Build.0 = Release|Any CPU
		{A5B8155A-118F-4794-B551-C6F3CF7E5411}.Release|x64.ActiveCfg = Release|Any CPU
		{A5B8155A-118F-4794-B551-C6F3CF7E5411}.Release|x64.Build.0 = Release|Any CPU
		{A5B8155A-118F-4794-B551-C6F3CF7E5411}.Release|x86.ActiveCfg = Release|Any CPU
		{A5B8155A-118F-4794-B551-C6F3CF7E5411}.Release|x86.Build.0 = Release|Any CPU


		{761D821E-9905-4444-9ADF-76C995FE5427}.Debug|Any CPU.ActiveCfg = Debug|Any CPU
		{761D821E-9905-4444-9ADF-76C995FE5427}.Debug|Any CPU.Build.0 = Debug|Any CPU
		{761D821E-9905-4444-9ADF-76C995FE5427}.Debug|ARM.ActiveCfg = Debug|Any CPU
		{761D821E-9905-4444-9ADF-76C995FE5427}.Debug|ARM.Build.0 = Debug|Any CPU
		{761D821E-9905-4444-9ADF-76C995FE5427}.Debug|ARM64.ActiveCfg = Debug|Any CPU
		{761D821E-9905-4444-9ADF-76C995FE5427}.Debug|ARM64.Build.0 = Debug|Any CPU
		{761D821E-9905-4444-9ADF-76C995FE5427}.Debug|iPhone.ActiveCfg = Debug|Any CPU
		{761D821E-9905-4444-9ADF-76C995FE5427}.Debug|iPhone.Build.0 = Debug|Any CPU
		{761D821E-9905-4444-9ADF-76C995FE5427}.Debug|iPhoneSimulator.ActiveCfg = Debug|Any CPU
		{761D821E-9905-4444-9ADF-76C995FE5427}.Debug|iPhoneSimulator.Build.0 = Debug|Any CPU
		{761D821E-9905-4444-9ADF-76C995FE5427}.Debug|x64.ActiveCfg = Debug|Any CPU
		{761D821E-9905-4444-9ADF-76C995FE5427}.Debug|x64.Build.0 = Debug|Any CPU
		{761D821E-9905-4444-9ADF-76C995FE5427}.Debug|x86.ActiveCfg = Debug|Any CPU
		{761D821E-9905-4444-9ADF-76C995FE5427}.Debug|x86.Build.0 = Debug|Any CPU
		{761D821E-9905-4444-9ADF-76C995FE5427}.Release|Any CPU.ActiveCfg = Release|Any CPU
		{761D821E-9905-4444-9ADF-76C995FE5427}.Release|Any CPU.Build.0 = Release|Any CPU
		{761D821E-9905-4444-9ADF-76C995FE5427}.Release|ARM.ActiveCfg = Release|Any CPU
		{761D821E-9905-4444-9ADF-76C995FE5427}.Release|ARM.Build.0 = Release|Any CPU
		{761D821E-9905-4444-9ADF-76C995FE5427}.Release|ARM64.ActiveCfg = Release|Any CPU
		{761D821E-9905-4444-9ADF-76C995FE5427}.Release|ARM64.Build.0 = Release|Any CPU
		{761D821E-9905-4444-9ADF-76C995FE5427}.Release|iPhone.ActiveCfg = Release|Any CPU
		{761D821E-9905-4444-9ADF-76C995FE5427}.Release|iPhone.Build.0 = Release|Any CPU
		{761D821E-9905-4444-9ADF-76C995FE5427}.Release|iPhoneSimulator.ActiveCfg = Release|Any CPU
		{761D821E-9905-4444-9ADF-76C995FE5427}.Release|iPhoneSimulator.Build.0 = Release|Any CPU
		{761D821E-9905-4444-9ADF-76C995FE5427}.Release|x64.ActiveCfg = Release|Any CPU
		{761D821E-9905-4444-9ADF-76C995FE5427}.Release|x64.Build.0 = Release|Any CPU
		{761D821E-9905-4444-9ADF-76C995FE5427}.Release|x86.ActiveCfg = Release|Any CPU
		{761D821E-9905-4444-9ADF-76C995FE5427}.Release|x86.Build.0 = Release|Any CPU

		{6CF284A4-22B1-4F05-97F4-F095C07A598E}.Debug|Any CPU.ActiveCfg = Debug|Any CPU
		{6CF284A4-22B1-4F05-97F4-F095C07A598E}.Debug|Any CPU.Build.0 = Debug|Any CPU
		{6CF284A4-22B1-4F05-97F4-F095C07A598E}.Debug|ARM.ActiveCfg = Debug|Any CPU
		{6CF284A4-22B1-4F05-97F4-F095C07A598E}.Debug|ARM.Build.0 = Debug|Any CPU
		{6CF284A4-22B1-4F05-97F4-F095C07A598E}.Debug|ARM64.ActiveCfg = Debug|Any CPU
		{6CF284A4-22B1-4F05-97F4-F095C07A598E}.Debug|ARM64.Build.0 = Debug|Any CPU
		{6CF284A4-22B1-4F05-97F4-F095C07A598E}.Debug|iPhone.ActiveCfg = Debug|Any CPU
		{6CF284A4-22B1-4F05-97F4-F095C07A598E}.Debug|iPhone.Build.0 = Debug|Any CPU
		{6CF284A4-22B1-4F05-97F4-F095C07A598E}.Debug|iPhoneSimulator.ActiveCfg = Debug|Any CPU
		{6CF284A4-22B1-4F05-97F4-F095C07A598E}.Debug|iPhoneSimulator.Build.0 = Debug|Any CPU
		{6CF284A4-22B1-4F05-97F4-F095C07A598E}.Debug|x64.ActiveCfg = Debug|Any CPU
		{6CF284A4-22B1-4F05-97F4-F095C07A598E}.Debug|x64.Build.0 = Debug|Any CPU
		{6CF284A4-22B1-4F05-97F4-F095C07A598E}.Debug|x86.ActiveCfg = Debug|Any CPU
		{6CF284A4-22B1-4F05-97F4-F095C07A598E}.Debug|x86.Build.0 = Debug|Any CPU
		{6CF284A4-22B1-4F05-97F4-F095C07A598E}.Release|Any CPU.ActiveCfg = Release|Any CPU
		{6CF284A4-22B1-4F05-97F4-F095C07A598E}.Release|Any CPU.Build.0 = Release|Any CPU
		{6CF284A4-22B1-4F05-97F4-F095C07A598E}.Release|ARM.ActiveCfg = Release|Any CPU
		{6CF284A4-22B1-4F05-97F4-F095C07A598E}.Release|ARM.Build.0 = Release|Any CPU
		{6CF284A4-22B1-4F05-97F4-F095C07A598E}.Release|ARM64.ActiveCfg = Release|Any CPU
		{6CF284A4-22B1-4F05-97F4-F095C07A598E}.Release|ARM64.Build.0 = Release|Any CPU
		{6CF284A4-22B1-4F05-97F4-F095C07A598E}.Release|iPhone.ActiveCfg = Release|Any CPU
		{6CF284A4-22B1-4F05-97F4-F095C07A598E}.Release|iPhone.Build.0 = Release|Any CPU
		{6CF284A4-22B1-4F05-97F4-F095C07A598E}.Release|iPhoneSimulator.ActiveCfg = Release|Any CPU
		{6CF284A4-22B1-4F05-97F4-F095C07A598E}.Release|iPhoneSimulator.Build.0 = Release|Any CPU
		{6CF284A4-22B1-4F05-97F4-F095C07A598E}.Release|x64.ActiveCfg = Release|Any CPU
		{6CF284A4-22B1-4F05-97F4-F095C07A598E}.Release|x64.Build.0 = Release|Any CPU
		{6CF284A4-22B1-4F05-97F4-F095C07A598E}.Release|x86.ActiveCfg = Release|Any CPU
		{6CF284A4-22B1-4F05-97F4-F095C07A598E}.Release|x86.Build.0 = Release|Any CPU

		{40EA03F7-8A22-4143-B251-79BAC3EB13D2}.Debug|Any CPU.ActiveCfg = Debug|Any CPU
		{40EA03F7-8A22-4143-B251-79BAC3EB13D2}.Debug|Any CPU.Build.0 = Debug|Any CPU
		{40EA03F7-8A22-4143-B251-79BAC3EB13D2}.Debug|ARM.ActiveCfg = Debug|Any CPU
		{40EA03F7-8A22-4143-B251-79BAC3EB13D2}.Debug|ARM.Build.0 = Debug|Any CPU
		{40EA03F7-8A22-4143-B251-79BAC3EB13D2}.Debug|ARM64.ActiveCfg = Debug|Any CPU
		{40EA03F7-8A22-4143-B251-79BAC3EB13D2}.Debug|ARM64.Build.0 = Debug|Any CPU
		{40EA03F7-8A22-4143-B251-79BAC3EB13D2}.Debug|iPhone.ActiveCfg = Debug|Any CPU
		{40EA03F7-8A22-4143-B251-79BAC3EB13D2}.Debug|iPhone.Build.0 = Debug|Any CPU
		{40EA03F7-8A22-4143-B251-79BAC3EB13D2}.Debug|iPhoneSimulator.ActiveCfg = Debug|Any CPU
		{40EA03F7-8A22-4143-B251-79BAC3EB13D2}.Debug|iPhoneSimulator.Build.0 = Debug|Any CPU
		{40EA03F7-8A22-4143-B251-79BAC3EB13D2}.Debug|x64.ActiveCfg = Debug|Any CPU
		{40EA03F7-8A22-4143-B251-79BAC3EB13D2}.Debug|x64.Build.0 = Debug|Any CPU
		{40EA03F7-8A22-4143-B251-79BAC3EB13D2}.Debug|x86.ActiveCfg = Debug|Any CPU
		{40EA03F7-8A22-4143-B251-79BAC3EB13D2}.Debug|x86.Build.0 = Debug|Any CPU
		{40EA03F7-8A22-4143-B251-79BAC3EB13D2}.Release|Any CPU.ActiveCfg = Release|Any CPU
		{40EA03F7-8A22-4143-B251-79BAC3EB13D2}.Release|Any CPU.Build.0 = Release|Any CPU
		{40EA03F7-8A22-4143-B251-79BAC3EB13D2}.Release|ARM.ActiveCfg = Release|Any CPU
		{40EA03F7-8A22-4143-B251-79BAC3EB13D2}.Release|ARM.Build.0 = Release|Any CPU
		{40EA03F7-8A22-4143-B251-79BAC3EB13D2}.Release|ARM64.ActiveCfg = Release|Any CPU
		{40EA03F7-8A22-4143-B251-79BAC3EB13D2}.Release|ARM64.Build.0 = Release|Any CPU
		{40EA03F7-8A22-4143-B251-79BAC3EB13D2}.Release|iPhone.ActiveCfg = Release|Any CPU
		{40EA03F7-8A22-4143-B251-79BAC3EB13D2}.Release|iPhone.Build.0 = Release|Any CPU
		{40EA03F7-8A22-4143-B251-79BAC3EB13D2}.Release|iPhoneSimulator.ActiveCfg = Release|Any CPU
		{40EA03F7-8A22-4143-B251-79BAC3EB13D2}.Release|iPhoneSimulator.Build.0 = Release|Any CPU
		{40EA03F7-8A22-4143-B251-79BAC3EB13D2}.Release|x64.ActiveCfg = Release|Any CPU
		{40EA03F7-8A22-4143-B251-79BAC3EB13D2}.Release|x64.Build.0 = Release|Any CPU
		{40EA03F7-8A22-4143-B251-79BAC3EB13D2}.Release|x86.ActiveCfg = Release|Any CPU
		{40EA03F7-8A22-4143-B251-79BAC3EB13D2}.Release|x86.Build.0 = Release|Any CPU
		{A83797EB-5D64-40DA-9E31-21D8115ED0B9}.Debug|Any CPU.ActiveCfg = Debug|iPhoneSimulator
		{A83797EB-5D64-40DA-9E31-21D8115ED0B9}.Debug|Any CPU.Build.0 = Debug|iPhoneSimulator
		{A83797EB-5D64-40DA-9E31-21D8115ED0B9}.Debug|ARM.ActiveCfg = Debug|iPhoneSimulator
		{A83797EB-5D64-40DA-9E31-21D8115ED0B9}.Debug|ARM64.ActiveCfg = Debug|iPhoneSimulator
		{A83797EB-5D64-40DA-9E31-21D8115ED0B9}.Debug|iPhone.ActiveCfg = Debug|iPhoneSimulator
		{A83797EB-5D64-40DA-9E31-21D8115ED0B9}.Debug|iPhone.Build.0 = Debug|iPhoneSimulator
		{A83797EB-5D64-40DA-9E31-21D8115ED0B9}.Debug|iPhoneSimulator.ActiveCfg = Debug|iPhoneSimulator
		{A83797EB-5D64-40DA-9E31-21D8115ED0B9}.Debug|iPhoneSimulator.Build.0 = Debug|iPhoneSimulator
		{A83797EB-5D64-40DA-9E31-21D8115ED0B9}.Debug|x64.ActiveCfg = Debug|iPhoneSimulator
		{A83797EB-5D64-40DA-9E31-21D8115ED0B9}.Debug|x64.Build.0 = Debug|iPhoneSimulator
		{A83797EB-5D64-40DA-9E31-21D8115ED0B9}.Debug|x86.ActiveCfg = Debug|iPhoneSimulator
		{A83797EB-5D64-40DA-9E31-21D8115ED0B9}.Debug|x86.Build.0 = Debug|iPhoneSimulator
		{A83797EB-5D64-40DA-9E31-21D8115ED0B9}.Release|Any CPU.ActiveCfg = Release|iPhoneSimulator
		{A83797EB-5D64-40DA-9E31-21D8115ED0B9}.Release|ARM.ActiveCfg = Release|iPhoneSimulator
		{A83797EB-5D64-40DA-9E31-21D8115ED0B9}.Release|ARM64.ActiveCfg = Release|iPhoneSimulator
		{A83797EB-5D64-40DA-9E31-21D8115ED0B9}.Release|iPhone.ActiveCfg = Release|iPhoneSimulator
		{A83797EB-5D64-40DA-9E31-21D8115ED0B9}.Release|iPhone.Build.0 = Release|iPhoneSimulator
		{A83797EB-5D64-40DA-9E31-21D8115ED0B9}.Release|iPhoneSimulator.ActiveCfg = Release|iPhoneSimulator
		{A83797EB-5D64-40DA-9E31-21D8115ED0B9}.Release|iPhoneSimulator.Build.0 = Release|iPhoneSimulator
		{A83797EB-5D64-40DA-9E31-21D8115ED0B9}.Release|x64.ActiveCfg = Release|iPhoneSimulator
		{A83797EB-5D64-40DA-9E31-21D8115ED0B9}.Release|x64.Build.0 = Release|iPhoneSimulator
		{A83797EB-5D64-40DA-9E31-21D8115ED0B9}.Release|x86.ActiveCfg = Release|iPhoneSimulator
		{A83797EB-5D64-40DA-9E31-21D8115ED0B9}.Release|x86.Build.0 = Release|iPhoneSimulator
	EndGlobalSection
	GlobalSection(SolutionProperties) = preSolution
		HideSolutionNode = FALSE
	EndGlobalSection
	GlobalSection(ExtensibilityGlobals) = postSolution
		SolutionGuid = {C7433AE2-B1A0-4C1A-887E-5CAA7AAF67A6}
	EndGlobalSection
EndGlobal
